
Microsoft Visual Studio Solution File, Format Version 12.00
# Visual Studio Version 17
VisualStudioVersion = 17.1.32228.430
MinimumVisualStudioVersion = 10.0.40219.1
Project("{FAE04EC0-301F-11D3-BF4B-00C04F79EFBC}") = "Lab_DB_3", "Lab_DB_3.csproj", "{AB889571-D93D-46AF-8B81-D9BACDBEBB49}"
EndProject
Global
	GlobalSection(SolutionConfigurationPlatforms) = preSolution
		Debug|Any CPU = Debug|Any CPU
		Release|Any CPU = Release|Any CPU
	EndGlobalSection
	GlobalSection(ProjectConfigurationPlatforms) = postSolution
		{AB889571-D93D-46AF-8B81-D9BACDBEBB49}.Debug|Any CPU.ActiveCfg = Debug|Any CPU
		{AB889571-D93D-46AF-8B81-D9BACDBEBB49}.Debug|Any CPU.Build.0 = Debug|Any CPU
		{AB889571-D93D-46AF-8B81-D9BACDBEBB49}.Release|Any CPU.ActiveCfg = Release|Any CPU
		{AB889571-D93D-46AF-8B81-D9BACDBEBB49}.Release|Any CPU.Build.0 = Release|Any CPU
	EndGlobalSection
	GlobalSection(SolutionProperties) = preSolution
		HideSolutionNode = FALSE
	EndGlobalSection
	GlobalSection(ExtensibilityGlobals) = postSolution
		SolutionGuid = {FB633FD4-F080-4F03-9C9D-B2058E7E2FB0}
	EndGlobalSection
EndGlobal
